{
  "object": {
    "pins": [
      {
        "package": "Camera-SwiftUI",
        "repositoryURL": "https://github.com/rorodriguez116/Camera-SwiftUI.git",
        "state": {
          "branch": null,
          "revision": "bec647c47f45cdfd588dd50e07571fb2642f4575",
          "version": "0.0.5"
        }
      },
      {
        "package": "CameraView",
        "repositoryURL": "https://github.com/brettfazio/CameraView",
        "state": {
          "branch": null,
          "revision": "bb528e129ac23f2888dee51a309bbd4b10374673",
          "version": "0.0.1"
        }
      }
    ]
  },
  "version": 1
}
