{
  "pins" : [
    {
      "identity" : "bettersafariview",
      "kind" : "remoteSourceControl",
      "location" : "https://github.com/stleamist/BetterSafariView",
      "state" : {
        "branch" : "main",
        "revision" : "9c051d20dbb50fa61d014d87b4ab6c5504408a73"
      }
    },
    {
      "identity" : "coregeometry",
      "kind" : "remoteSourceControl",
      "location" : "https://gitlab.com/Pyroh/CoreGeometry.git",
      "state" : {
        "revision" : "c8604b90dc60084e9d08f289573e537585b84129",
        "version" : "4.0.0"
      }
    },
    {
      "identity" : "slidingruler",
      "kind" : "remoteSourceControl",
      "location" : "https://github.com/Pyroh/SlidingRuler",
      "state" : {
        "revision" : "707b15e0ade64b488e7146a487cc5ee9570af9fa",
        "version" : "0.2.0"
      }
    },
    {
      "identity" : "smoothoperators",
      "kind" : "remoteSourceControl",
      "location" : "https://github.com/Pyroh/SmoothOperators.git",
      "state" : {
        "revision" : "7fc92b9f8e65b79bc6d1295ad1e62973d60beb54",
        "version" : "0.14.0"
      }
    }
  ],
  "version" : 2
}
