// !$*UTF8*$!
{
	archiveVersion = 1;
	classes = {
	};
	objectVersion = 54;
	objects = {

/* Begin PBXBuildFile section */
		256134F12742D6BC00C4C9B8 /* FrameView.swift in Sources */ = {isa = PBXBuildFile; fileRef = 256134F02742D6BC00C4C9B8 /* FrameView.swift */; };
		256134F32742D7E900C4C9B8 /* CameraManager.swift in Sources */ = {isa = PBXBuildFile; fileRef = 256134F22742D7E900C4C9B8 /* CameraManager.swift */; };
		256134F52742D8E400C4C9B8 /* CameraError.swift in Sources */ = {isa = PBXBuildFile; fileRef = 256134F42742D8E400C4C9B8 /* CameraError.swift */; };
		256134F72742D8ED00C4C9B8 /* CGImageExtension.swift in Sources */ = {isa = PBXBuildFile; fileRef = 256134F62742D8ED00C4C9B8 /* CGImageExtension.swift */; };
		256134F92742D96200C4C9B8 /* FrameManager.swift in Sources */ = {isa = PBXBuildFile; fileRef = 256134F82742D96200C4C9B8 /* FrameManager.swift */; };
		256134FB2742D9A200C4C9B8 /* CameraFrameViewModel.swift in Sources */ = {isa = PBXBuildFile; fileRef = 256134FA2742D9A200C4C9B8 /* CameraFrameViewModel.swift */; };
		F00502082757E196000B4F1C /* ResultsView.swift in Sources */ = {isa = PBXBuildFile; fileRef = F00502072757E196000B4F1C /* ResultsView.swift */; };
		F005020A2757E20D000B4F1C /* ResultsItem.swift in Sources */ = {isa = PBXBuildFile; fileRef = F00502092757E20D000B4F1C /* ResultsItem.swift */; };
		F005020C2757E25D000B4F1C /* ResultsRowView.swift in Sources */ = {isa = PBXBuildFile; fileRef = F005020B2757E25D000B4F1C /* ResultsRowView.swift */; };
		F005020E2757EAC6000B4F1C /* RootNavigationPop.swift in Sources */ = {isa = PBXBuildFile; fileRef = F005020D2757EAC6000B4F1C /* RootNavigationPop.swift */; };
		F01E92C927333E720074D5DF /* DistalRadiusIdentifierApp.swift in Sources */ = {isa = PBXBuildFile; fileRef = F01E92C827333E720074D5DF /* DistalRadiusIdentifierApp.swift */; };
		F01E92CD27333E720074D5DF /* Assets.xcassets in Resources */ = {isa = PBXBuildFile; fileRef = F01E92CC27333E720074D5DF /* Assets.xcassets */; };
		F01E92D027333E720074D5DF /* Preview Assets.xcassets in Resources */ = {isa = PBXBuildFile; fileRef = F01E92CF27333E720074D5DF /* Preview Assets.xcassets */; };
		F01E92F027333FF90074D5DF /* ArrowButton.swift in Sources */ = {isa = PBXBuildFile; fileRef = F01E92EF27333FF90074D5DF /* ArrowButton.swift */; };
		F01F2273275FC28B009D8F81 /* AsyncImageBackport.swift in Sources */ = {isa = PBXBuildFile; fileRef = F01F2272275FC28B009D8F81 /* AsyncImageBackport.swift */; };
		F0427C1927335A07008268F4 /* HomeView.swift in Sources */ = {isa = PBXBuildFile; fileRef = F0427C1827335A07008268F4 /* HomeView.swift */; };
		F0427C1E27335A58008268F4 /* TutorialPageContainerView.swift in Sources */ = {isa = PBXBuildFile; fileRef = F0427C1D27335A58008268F4 /* TutorialPageContainerView.swift */; };
		F0427C2027335AAD008268F4 /* MotherView.swift in Sources */ = {isa = PBXBuildFile; fileRef = F0427C1F27335AAD008268F4 /* MotherView.swift */; };
		F0427C2227335B57008268F4 /* ViewRouter.swift in Sources */ = {isa = PBXBuildFile; fileRef = F0427C2127335B57008268F4 /* ViewRouter.swift */; };
		F0508B072733545300EEEFE4 /* TutorialScreen5.swift in Sources */ = {isa = PBXBuildFile; fileRef = F0508B062733545300EEEFE4 /* TutorialScreen5.swift */; };
		F051C268275815C400859E77 /* ClassificationModel.swift in Sources */ = {isa = PBXBuildFile; fileRef = F051C267275815C400859E77 /* ClassificationModel.swift */; };
		F0570A762749A10A00BB984D /* InfoButtonView.swift in Sources */ = {isa = PBXBuildFile; fileRef = F0570A752749A10A00BB984D /* InfoButtonView.swift */; };
		F05A67F82757F489008C6E4B /* ResultsImageView.swift in Sources */ = {isa = PBXBuildFile; fileRef = F05A67F72757F489008C6E4B /* ResultsImageView.swift */; };
		F05A67FA2758002A008C6E4B /* FullScreenImageView.swift in Sources */ = {isa = PBXBuildFile; fileRef = F05A67F92758002A008C6E4B /* FullScreenImageView.swift */; };
		F05A67FC2758031B008C6E4B /* RandomString.swift in Sources */ = {isa = PBXBuildFile; fileRef = F05A67FB2758031B008C6E4B /* RandomString.swift */; };
		F05E74E62733532F00727492 /* TutorialScreen3.swift in Sources */ = {isa = PBXBuildFile; fileRef = F05E74E52733532F00727492 /* TutorialScreen3.swift */; };
		F05E74E82733536A00727492 /* TutorialScreen4.swift in Sources */ = {isa = PBXBuildFile; fileRef = F05E74E72733536A00727492 /* TutorialScreen4.swift */; };
		F067B2D927430F6A00601169 /* VerifyImageView.swift in Sources */ = {isa = PBXBuildFile; fileRef = F067B2D827430F6A00601169 /* VerifyImageView.swift */; };
		F067B2DB274313CE00601169 /* TakePhotoView.swift in Sources */ = {isa = PBXBuildFile; fileRef = F067B2DA274313CE00601169 /* TakePhotoView.swift */; };
		F07349FA2733522D00C090EA /* TutorialScreen1.swift in Sources */ = {isa = PBXBuildFile; fileRef = F07349F92733522D00C090EA /* TutorialScreen1.swift */; };
		F0734A00273352B300C090EA /* TutorialScreen2.swift in Sources */ = {isa = PBXBuildFile; fileRef = F07349FF273352B300C090EA /* TutorialScreen2.swift */; };
		F07D0FBB27431EA600554B20 /* RoundedButton.swift in Sources */ = {isa = PBXBuildFile; fileRef = F07D0FBA27431EA600554B20 /* RoundedButton.swift */; };
		F07D0FBD27431F5500554B20 /* AlignmentGuideView.swift in Sources */ = {isa = PBXBuildFile; fileRef = F07D0FBC27431F5500554B20 /* AlignmentGuideView.swift */; };
		F08C263427600B0000B1B010 /* ZoomableContent.swift in Sources */ = {isa = PBXBuildFile; fileRef = F08C263327600B0000B1B010 /* ZoomableContent.swift */; };
		F0A68231275FE05E00D9AF02 /* ClassificationResultsRowView.swift in Sources */ = {isa = PBXBuildFile; fileRef = F0A68230275FE05E00D9AF02 /* ClassificationResultsRowView.swift */; };
		F0A68233275FE2A800D9AF02 /* DateFormatExtension.swift in Sources */ = {isa = PBXBuildFile; fileRef = F0A68232275FE2A800D9AF02 /* DateFormatExtension.swift */; };
		F0A889AD275863E2007464F1 /* CompanyDetailView.swift in Sources */ = {isa = PBXBuildFile; fileRef = F0A889AC275863E2007464F1 /* CompanyDetailView.swift */; };
		F0A889C1275874D1007464F1 /* BetterSafariView in Frameworks */ = {isa = PBXBuildFile; productRef = F0A889C0275874D1007464F1 /* BetterSafariView */; };
		F0BE89BA27344B0100E553F7 /* Launch Screen.storyboard in Resources */ = {isa = PBXBuildFile; fileRef = F0BE89B927344B0100E553F7 /* Launch Screen.storyboard */; };
		F0D3E702275AA52500CFC781 /* URLSessionExtension.swift in Sources */ = {isa = PBXBuildFile; fileRef = F0D3E701275AA52500CFC781 /* URLSessionExtension.swift */; };
		F0D3E704275AA5DC00CFC781 /* ErrorView.swift in Sources */ = {isa = PBXBuildFile; fileRef = F0D3E703275AA5DC00CFC781 /* ErrorView.swift */; };
		F0D3E706275AA6DE00CFC781 /* StringErrorExtension.swift in Sources */ = {isa = PBXBuildFile; fileRef = F0D3E705275AA6DE00CFC781 /* StringErrorExtension.swift */; };
		F0D3E708275AAA4100CFC781 /* LoadingView.swift in Sources */ = {isa = PBXBuildFile; fileRef = F0D3E707275AAA4100CFC781 /* LoadingView.swift */; };
		F0E5BD0C2733500B009DFD26 /* TutorialTitleAndSubheader.swift in Sources */ = {isa = PBXBuildFile; fileRef = F0E5BD0B2733500B009DFD26 /* TutorialTitleAndSubheader.swift */; };
/* End PBXBuildFile section */

/* Begin PBXFileReference section */
		256134F02742D6BC00C4C9B8 /* FrameView.swift */ = {isa = PBXFileReference; lastKnownFileType = sourcecode.swift; path = FrameView.swift; sourceTree = "<group>"; };
		256134F22742D7E900C4C9B8 /* CameraManager.swift */ = {isa = PBXFileReference; lastKnownFileType = sourcecode.swift; path = CameraManager.swift; sourceTree = "<group>"; };
		256134F42742D8E400C4C9B8 /* CameraError.swift */ = {isa = PBXFileReference; fileEncoding = 4; lastKnownFileType = sourcecode.swift; path = CameraError.swift; sourceTree = "<group>"; };
		256134F62742D8ED00C4C9B8 /* CGImageExtension.swift */ = {isa = PBXFileReference; fileEncoding = 4; lastKnownFileType = sourcecode.swift; path = CGImageExtension.swift; sourceTree = "<group>"; };
		256134F82742D96200C4C9B8 /* FrameManager.swift */ = {isa = PBXFileReference; lastKnownFileType = sourcecode.swift; path = FrameManager.swift; sourceTree = "<group>"; };
		256134FA2742D9A200C4C9B8 /* CameraFrameViewModel.swift */ = {isa = PBXFileReference; fileEncoding = 4; lastKnownFileType = sourcecode.swift; path = CameraFrameViewModel.swift; sourceTree = "<group>"; };
		F00417CA2733420C00C5630A /* DistalRadiusIdentifier.entitlements */ = {isa = PBXFileReference; lastKnownFileType = text.plist.entitlements; path = DistalRadiusIdentifier.entitlements; sourceTree = "<group>"; };
		F00417CB2733422400C5630A /* Info.plist */ = {isa = PBXFileReference; lastKnownFileType = text.plist.xml; path = Info.plist; sourceTree = "<group>"; };
		F00502072757E196000B4F1C /* ResultsView.swift */ = {isa = PBXFileReference; lastKnownFileType = sourcecode.swift; path = ResultsView.swift; sourceTree = "<group>"; };
		F00502092757E20D000B4F1C /* ResultsItem.swift */ = {isa = PBXFileReference; lastKnownFileType = sourcecode.swift; path = ResultsItem.swift; sourceTree = "<group>"; };
		F005020B2757E25D000B4F1C /* ResultsRowView.swift */ = {isa = PBXFileReference; lastKnownFileType = sourcecode.swift; path = ResultsRowView.swift; sourceTree = "<group>"; };
		F005020D2757EAC6000B4F1C /* RootNavigationPop.swift */ = {isa = PBXFileReference; lastKnownFileType = sourcecode.swift; path = RootNavigationPop.swift; sourceTree = "<group>"; };
		F01E92C527333E720074D5DF /* DistalRadiusIdentifier.app */ = {isa = PBXFileReference; explicitFileType = wrapper.application; includeInIndex = 0; path = DistalRadiusIdentifier.app; sourceTree = BUILT_PRODUCTS_DIR; };
		F01E92C827333E720074D5DF /* DistalRadiusIdentifierApp.swift */ = {isa = PBXFileReference; lastKnownFileType = sourcecode.swift; path = DistalRadiusIdentifierApp.swift; sourceTree = "<group>"; };
		F01E92CC27333E720074D5DF /* Assets.xcassets */ = {isa = PBXFileReference; lastKnownFileType = folder.assetcatalog; path = Assets.xcassets; sourceTree = "<group>"; };
		F01E92CF27333E720074D5DF /* Preview Assets.xcassets */ = {isa = PBXFileReference; lastKnownFileType = folder.assetcatalog; path = "Preview Assets.xcassets"; sourceTree = "<group>"; };
		F01E92EF27333FF90074D5DF /* ArrowButton.swift */ = {isa = PBXFileReference; lastKnownFileType = sourcecode.swift; path = ArrowButton.swift; sourceTree = "<group>"; };
		F01F2272275FC28B009D8F81 /* AsyncImageBackport.swift */ = {isa = PBXFileReference; lastKnownFileType = sourcecode.swift; path = AsyncImageBackport.swift; sourceTree = "<group>"; };
		F0427C1827335A07008268F4 /* HomeView.swift */ = {isa = PBXFileReference; lastKnownFileType = sourcecode.swift; path = HomeView.swift; sourceTree = "<group>"; };
		F0427C1D27335A58008268F4 /* TutorialPageContainerView.swift */ = {isa = PBXFileReference; lastKnownFileType = sourcecode.swift; path = TutorialPageContainerView.swift; sourceTree = "<group>"; };
		F0427C1F27335AAD008268F4 /* MotherView.swift */ = {isa = PBXFileReference; lastKnownFileType = sourcecode.swift; path = MotherView.swift; sourceTree = "<group>"; };
		F0427C2127335B57008268F4 /* ViewRouter.swift */ = {isa = PBXFileReference; lastKnownFileType = sourcecode.swift; path = ViewRouter.swift; sourceTree = "<group>"; };
		F0508B062733545300EEEFE4 /* TutorialScreen5.swift */ = {isa = PBXFileReference; fileEncoding = 4; lastKnownFileType = sourcecode.swift; path = TutorialScreen5.swift; sourceTree = "<group>"; };
		F051C267275815C400859E77 /* ClassificationModel.swift */ = {isa = PBXFileReference; lastKnownFileType = sourcecode.swift; path = ClassificationModel.swift; sourceTree = "<group>"; };
		F0570A752749A10A00BB984D /* InfoButtonView.swift */ = {isa = PBXFileReference; lastKnownFileType = sourcecode.swift; path = InfoButtonView.swift; sourceTree = "<group>"; };
		F05A67F72757F489008C6E4B /* ResultsImageView.swift */ = {isa = PBXFileReference; lastKnownFileType = sourcecode.swift; path = ResultsImageView.swift; sourceTree = "<group>"; };
		F05A67F92758002A008C6E4B /* FullScreenImageView.swift */ = {isa = PBXFileReference; lastKnownFileType = sourcecode.swift; path = FullScreenImageView.swift; sourceTree = "<group>"; };
		F05A67FB2758031B008C6E4B /* RandomString.swift */ = {isa = PBXFileReference; lastKnownFileType = sourcecode.swift; path = RandomString.swift; sourceTree = "<group>"; };
		F05E74E52733532F00727492 /* TutorialScreen3.swift */ = {isa = PBXFileReference; lastKnownFileType = sourcecode.swift; path = TutorialScreen3.swift; sourceTree = "<group>"; };
		F05E74E72733536A00727492 /* TutorialScreen4.swift */ = {isa = PBXFileReference; lastKnownFileType = sourcecode.swift; path = TutorialScreen4.swift; sourceTree = "<group>"; };
		F067B2D827430F6A00601169 /* VerifyImageView.swift */ = {isa = PBXFileReference; lastKnownFileType = sourcecode.swift; path = VerifyImageView.swift; sourceTree = "<group>"; };
		F067B2DA274313CE00601169 /* TakePhotoView.swift */ = {isa = PBXFileReference; lastKnownFileType = sourcecode.swift; path = TakePhotoView.swift; sourceTree = "<group>"; };
		F07349F92733522D00C090EA /* TutorialScreen1.swift */ = {isa = PBXFileReference; lastKnownFileType = sourcecode.swift; path = TutorialScreen1.swift; sourceTree = "<group>"; };
		F07349FF273352B300C090EA /* TutorialScreen2.swift */ = {isa = PBXFileReference; lastKnownFileType = sourcecode.swift; path = TutorialScreen2.swift; sourceTree = "<group>"; };
		F07D0FBA27431EA600554B20 /* RoundedButton.swift */ = {isa = PBXFileReference; lastKnownFileType = sourcecode.swift; path = RoundedButton.swift; sourceTree = "<group>"; };
		F07D0FBC27431F5500554B20 /* AlignmentGuideView.swift */ = {isa = PBXFileReference; lastKnownFileType = sourcecode.swift; path = AlignmentGuideView.swift; sourceTree = "<group>"; };
		F08C263327600B0000B1B010 /* ZoomableContent.swift */ = {isa = PBXFileReference; lastKnownFileType = sourcecode.swift; path = ZoomableContent.swift; sourceTree = "<group>"; };
		F0A68230275FE05E00D9AF02 /* ClassificationResultsRowView.swift */ = {isa = PBXFileReference; lastKnownFileType = sourcecode.swift; path = ClassificationResultsRowView.swift; sourceTree = "<group>"; };
		F0A68232275FE2A800D9AF02 /* DateFormatExtension.swift */ = {isa = PBXFileReference; lastKnownFileType = sourcecode.swift; path = DateFormatExtension.swift; sourceTree = "<group>"; };
		F0A889AC275863E2007464F1 /* CompanyDetailView.swift */ = {isa = PBXFileReference; lastKnownFileType = sourcecode.swift; path = CompanyDetailView.swift; sourceTree = "<group>"; };
		F0BE89B927344B0100E553F7 /* Launch Screen.storyboard */ = {isa = PBXFileReference; lastKnownFileType = file.storyboard; path = "Launch Screen.storyboard"; sourceTree = "<group>"; };
		F0D3E701275AA52500CFC781 /* URLSessionExtension.swift */ = {isa = PBXFileReference; lastKnownFileType = sourcecode.swift; path = URLSessionExtension.swift; sourceTree = "<group>"; };
		F0D3E703275AA5DC00CFC781 /* ErrorView.swift */ = {isa = PBXFileReference; lastKnownFileType = sourcecode.swift; path = ErrorView.swift; sourceTree = "<group>"; };
		F0D3E705275AA6DE00CFC781 /* StringErrorExtension.swift */ = {isa = PBXFileReference; lastKnownFileType = sourcecode.swift; path = StringErrorExtension.swift; sourceTree = "<group>"; };
		F0D3E707275AAA4100CFC781 /* LoadingView.swift */ = {isa = PBXFileReference; lastKnownFileType = sourcecode.swift; path = LoadingView.swift; sourceTree = "<group>"; };
		F0E5BD0B2733500B009DFD26 /* TutorialTitleAndSubheader.swift */ = {isa = PBXFileReference; lastKnownFileType = sourcecode.swift; path = TutorialTitleAndSubheader.swift; sourceTree = "<group>"; };
/* End PBXFileReference section */

/* Begin PBXFrameworksBuildPhase section */
		F01E92C227333E720074D5DF /* Frameworks */ = {
			isa = PBXFrameworksBuildPhase;
			buildActionMask = 2147483647;
			files = (
				F0A889C1275874D1007464F1 /* BetterSafariView in Frameworks */,
			);
			runOnlyForDeploymentPostprocessing = 0;
		};
/* End PBXFrameworksBuildPhase section */

/* Begin PBXGroup section */
		256134EF2742D6A500C4C9B8 /* FrameViewFlow */ = {
			isa = PBXGroup;
			children = (
				F00502052757DA43000B4F1C /* Models */,
				F00502042757DA35000B4F1C /* Views */,
			);
			path = FrameViewFlow;
			sourceTree = "<group>";
		};
		F00502042757DA35000B4F1C /* Views */ = {
			isa = PBXGroup;
			children = (
				256134F02742D6BC00C4C9B8 /* FrameView.swift */,
				F067B2D827430F6A00601169 /* VerifyImageView.swift */,
				F067B2DA274313CE00601169 /* TakePhotoView.swift */,
			);
			path = Views;
			sourceTree = "<group>";
		};
		F00502052757DA43000B4F1C /* Models */ = {
			isa = PBXGroup;
			children = (
				256134F42742D8E400C4C9B8 /* CameraError.swift */,
				256134FA2742D9A200C4C9B8 /* CameraFrameViewModel.swift */,
				256134F22742D7E900C4C9B8 /* CameraManager.swift */,
				256134F82742D96200C4C9B8 /* FrameManager.swift */,
			);
			path = Models;
			sourceTree = "<group>";
		};
		F00502062757E188000B4F1C /* ResultsFlow */ = {
			isa = PBXGroup;
			children = (
				F00768E42758463200CFB8B3 /* Models */,
				F00768E32758462700CFB8B3 /* Views */,
			);
			path = ResultsFlow;
			sourceTree = "<group>";
		};
		F00768E32758462700CFB8B3 /* Views */ = {
			isa = PBXGroup;
			children = (
				F00502072757E196000B4F1C /* ResultsView.swift */,
				F005020B2757E25D000B4F1C /* ResultsRowView.swift */,
				F0A889AC275863E2007464F1 /* CompanyDetailView.swift */,
			);
			path = Views;
			sourceTree = "<group>";
		};
		F00768E42758463200CFB8B3 /* Models */ = {
			isa = PBXGroup;
			children = (
				F00502092757E20D000B4F1C /* ResultsItem.swift */,
			);
			path = Models;
			sourceTree = "<group>";
		};
		F00768E52758465600CFB8B3 /* Buttons */ = {
			isa = PBXGroup;
			children = (
				F07D0FBA27431EA600554B20 /* RoundedButton.swift */,
				F01E92EF27333FF90074D5DF /* ArrowButton.swift */,
				F0570A752749A10A00BB984D /* InfoButtonView.swift */,
			);
			path = Buttons;
			sourceTree = "<group>";
		};
		F00768E62758468400CFB8B3 /* Extensions */ = {
			isa = PBXGroup;
			children = (
				256134F62742D8ED00C4C9B8 /* CGImageExtension.swift */,
				F005020D2757EAC6000B4F1C /* RootNavigationPop.swift */,
				F05A67FB2758031B008C6E4B /* RandomString.swift */,
				F0D3E701275AA52500CFC781 /* URLSessionExtension.swift */,
				F0D3E705275AA6DE00CFC781 /* StringErrorExtension.swift */,
				F0A68232275FE2A800D9AF02 /* DateFormatExtension.swift */,
			);
			path = Extensions;
			sourceTree = "<group>";
		};
		F01E92BC27333E720074D5DF = {
			isa = PBXGroup;
			children = (
				F01E92C727333E720074D5DF /* DistalRadiusIdentifier */,
				F01E92C627333E720074D5DF /* Products */,
			);
			sourceTree = "<group>";
		};
		F01E92C627333E720074D5DF /* Products */ = {
			isa = PBXGroup;
			children = (
				F01E92C527333E720074D5DF /* DistalRadiusIdentifier.app */,
			);
			name = Products;
			sourceTree = "<group>";
		};
		F01E92C727333E720074D5DF /* DistalRadiusIdentifier */ = {
			isa = PBXGroup;
			children = (
				F01E92EE27333FEE0074D5DF /* CustomUIComponents */,
				F00768E62758468400CFB8B3 /* Extensions */,
				F00502062757E188000B4F1C /* ResultsFlow */,
				256134EF2742D6A500C4C9B8 /* FrameViewFlow */,
				F0427C1A27335A12008268F4 /* OnboardingViewRouter */,
				F0427C17273359FF008268F4 /* HomeView */,
				F01E92E127333F610074D5DF /* TutorialPages */,
				F00417CA2733420C00C5630A /* DistalRadiusIdentifier.entitlements */,
				F00417CB2733422400C5630A /* Info.plist */,
				F0427C1F27335AAD008268F4 /* MotherView.swift */,
				F01E92C827333E720074D5DF /* DistalRadiusIdentifierApp.swift */,
				F01E92CC27333E720074D5DF /* Assets.xcassets */,
				F01E92CE27333E720074D5DF /* Preview Content */,
				F0BE89B927344B0100E553F7 /* Launch Screen.storyboard */,
			);
			path = DistalRadiusIdentifier;
			sourceTree = "<group>";
		};
		F01E92CE27333E720074D5DF /* Preview Content */ = {
			isa = PBXGroup;
			children = (
				F01E92CF27333E720074D5DF /* Preview Assets.xcassets */,
			);
			path = "Preview Content";
			sourceTree = "<group>";
		};
		F01E92E127333F610074D5DF /* TutorialPages */ = {
			isa = PBXGroup;
			children = (
				F07349F92733522D00C090EA /* TutorialScreen1.swift */,
				F07349FF273352B300C090EA /* TutorialScreen2.swift */,
				F05E74E52733532F00727492 /* TutorialScreen3.swift */,
				F05E74E72733536A00727492 /* TutorialScreen4.swift */,
				F0508B062733545300EEEFE4 /* TutorialScreen5.swift */,
				F0427C1D27335A58008268F4 /* TutorialPageContainerView.swift */,
			);
			path = TutorialPages;
			sourceTree = "<group>";
		};
		F01E92EE27333FEE0074D5DF /* CustomUIComponents */ = {
			isa = PBXGroup;
			children = (
				F071472927614A7E00E579F2 /* FullScreenImageView */,
				F00768E52758465600CFB8B3 /* Buttons */,
				F0E5BD0B2733500B009DFD26 /* TutorialTitleAndSubheader.swift */,
				F07D0FBC27431F5500554B20 /* AlignmentGuideView.swift */,
				F0D3E703275AA5DC00CFC781 /* ErrorView.swift */,
				F0D3E707275AAA4100CFC781 /* LoadingView.swift */,
				F01F2272275FC28B009D8F81 /* AsyncImageBackport.swift */,
				F08C263327600B0000B1B010 /* ZoomableContent.swift */,
			);
			path = CustomUIComponents;
			sourceTree = "<group>";
		};
		F0427C17273359FF008268F4 /* HomeView */ = {
			isa = PBXGroup;
			children = (
				F0427C1827335A07008268F4 /* HomeView.swift */,
				F051C267275815C400859E77 /* ClassificationModel.swift */,
				F0A68230275FE05E00D9AF02 /* ClassificationResultsRowView.swift */,
			);
			path = HomeView;
			sourceTree = "<group>";
		};
		F0427C1A27335A12008268F4 /* OnboardingViewRouter */ = {
			isa = PBXGroup;
			children = (
				F0427C2127335B57008268F4 /* ViewRouter.swift */,
			);
			path = OnboardingViewRouter;
			sourceTree = "<group>";
		};
		F071472927614A7E00E579F2 /* FullScreenImageView */ = {
			isa = PBXGroup;
			children = (
				F05A67F72757F489008C6E4B /* ResultsImageView.swift */,
				F05A67F92758002A008C6E4B /* FullScreenImageView.swift */,
			);
			path = FullScreenImageView;
			sourceTree = "<group>";
		};
/* End PBXGroup section */

/* Begin PBXNativeTarget section */
		F01E92C427333E720074D5DF /* DistalRadiusIdentifier */ = {
			isa = PBXNativeTarget;
			buildConfigurationList = F01E92D327333E720074D5DF /* Build configuration list for PBXNativeTarget "DistalRadiusIdentifier" */;
			buildPhases = (
				F01E92C127333E720074D5DF /* Sources */,
				F01E92C227333E720074D5DF /* Frameworks */,
				F01E92C327333E720074D5DF /* Resources */,
			);
			buildRules = (
			);
			dependencies = (
			);
			name = DistalRadiusIdentifier;
			packageProductDependencies = (
				F0A889C0275874D1007464F1 /* BetterSafariView */,
			);
			productName = DistalRadiusIdentifier;
			productReference = F01E92C527333E720074D5DF /* DistalRadiusIdentifier.app */;
			productType = "com.apple.product-type.application";
		};
/* End PBXNativeTarget section */

/* Begin PBXProject section */
		F01E92BD27333E720074D5DF /* Project object */ = {
			isa = PBXProject;
			attributes = {
				BuildIndependentTargetsInParallel = 1;
				LastSwiftUpdateCheck = 1310;
				LastUpgradeCheck = 1310;
				TargetAttributes = {
					F01E92C427333E720074D5DF = {
						CreatedOnToolsVersion = 13.1;
					};
				};
			};
			buildConfigurationList = F01E92C027333E720074D5DF /* Build configuration list for PBXProject "DistalRadiusIdentifier" */;
			compatibilityVersion = "Xcode 12.0";
			developmentRegion = en;
			hasScannedForEncodings = 0;
			knownRegions = (
				en,
				Base,
			);
			mainGroup = F01E92BC27333E720074D5DF;
			packageReferences = (
				F0A889BF275874D1007464F1 /* XCRemoteSwiftPackageReference "BetterSafariView" */,
			);
			productRefGroup = F01E92C627333E720074D5DF /* Products */;
			projectDirPath = "";
			projectRoot = "";
			targets = (
				F01E92C427333E720074D5DF /* DistalRadiusIdentifier */,
			);
		};
/* End PBXProject section */

/* Begin PBXResourcesBuildPhase section */
		F01E92C327333E720074D5DF /* Resources */ = {
			isa = PBXResourcesBuildPhase;
			buildActionMask = 2147483647;
			files = (
				F01E92D027333E720074D5DF /* Preview Assets.xcassets in Resources */,
				F01E92CD27333E720074D5DF /* Assets.xcassets in Resources */,
				F0BE89BA27344B0100E553F7 /* Launch Screen.storyboard in Resources */,
			);
			runOnlyForDeploymentPostprocessing = 0;
		};
/* End PBXResourcesBuildPhase section */

/* Begin PBXSourcesBuildPhase section */
		F01E92C127333E720074D5DF /* Sources */ = {
			isa = PBXSourcesBuildPhase;
			buildActionMask = 2147483647;
			files = (
				F0427C1927335A07008268F4 /* HomeView.swift in Sources */,
				F01F2273275FC28B009D8F81 /* AsyncImageBackport.swift in Sources */,
				F005020E2757EAC6000B4F1C /* RootNavigationPop.swift in Sources */,
				F07D0FBB27431EA600554B20 /* RoundedButton.swift in Sources */,
				F07D0FBD27431F5500554B20 /* AlignmentGuideView.swift in Sources */,
				F0570A762749A10A00BB984D /* InfoButtonView.swift in Sources */,
				F0427C2027335AAD008268F4 /* MotherView.swift in Sources */,
				256134F12742D6BC00C4C9B8 /* FrameView.swift in Sources */,
				F005020C2757E25D000B4F1C /* ResultsRowView.swift in Sources */,
				F05A67F82757F489008C6E4B /* ResultsImageView.swift in Sources */,
				F01E92C927333E720074D5DF /* DistalRadiusIdentifierApp.swift in Sources */,
				F00502082757E196000B4F1C /* ResultsView.swift in Sources */,
				F08C263427600B0000B1B010 /* ZoomableContent.swift in Sources */,
				F0D3E706275AA6DE00CFC781 /* StringErrorExtension.swift in Sources */,
				F005020A2757E20D000B4F1C /* ResultsItem.swift in Sources */,
				F0508B072733545300EEEFE4 /* TutorialScreen5.swift in Sources */,
				F01E92F027333FF90074D5DF /* ArrowButton.swift in Sources */,
				F07349FA2733522D00C090EA /* TutorialScreen1.swift in Sources */,
				F0427C1E27335A58008268F4 /* TutorialPageContainerView.swift in Sources */,
				F0D3E708275AAA4100CFC781 /* LoadingView.swift in Sources */,
				F05A67FC2758031B008C6E4B /* RandomString.swift in Sources */,
				F0A68233275FE2A800D9AF02 /* DateFormatExtension.swift in Sources */,
				256134F32742D7E900C4C9B8 /* CameraManager.swift in Sources */,
				F0E5BD0C2733500B009DFD26 /* TutorialTitleAndSubheader.swift in Sources */,
				F0427C2227335B57008268F4 /* ViewRouter.swift in Sources */,
				F051C268275815C400859E77 /* ClassificationModel.swift in Sources */,
				F0D3E704275AA5DC00CFC781 /* ErrorView.swift in Sources */,
				F067B2D927430F6A00601169 /* VerifyImageView.swift in Sources */,
				256134F92742D96200C4C9B8 /* FrameManager.swift in Sources */,
				F0A889AD275863E2007464F1 /* CompanyDetailView.swift in Sources */,
				F0A68231275FE05E00D9AF02 /* ClassificationResultsRowView.swift in Sources */,
				F05A67FA2758002A008C6E4B /* FullScreenImageView.swift in Sources */,
				256134F72742D8ED00C4C9B8 /* CGImageExtension.swift in Sources */,
				256134F52742D8E400C4C9B8 /* CameraError.swift in Sources */,
				256134FB2742D9A200C4C9B8 /* CameraFrameViewModel.swift in Sources */,
				F0734A00273352B300C090EA /* TutorialScreen2.swift in Sources */,
				F05E74E62733532F00727492 /* TutorialScreen3.swift in Sources */,
				F067B2DB274313CE00601169 /* TakePhotoView.swift in Sources */,
				F05E74E82733536A00727492 /* TutorialScreen4.swift in Sources */,
				F0D3E702275AA52500CFC781 /* URLSessionExtension.swift in Sources */,
			);
			runOnlyForDeploymentPostprocessing = 0;
		};
/* End PBXSourcesBuildPhase section */

/* Begin XCBuildConfiguration section */
		F01E92D127333E720074D5DF /* Debug */ = {
			isa = XCBuildConfiguration;
			buildSettings = {
				ALWAYS_SEARCH_USER_PATHS = NO;
				CLANG_ANALYZER_NONNULL = YES;
				CLANG_ANALYZER_NUMBER_OBJECT_CONVERSION = YES_AGGRESSIVE;
				CLANG_CXX_LANGUAGE_STANDARD = "gnu++17";
				CLANG_CXX_LIBRARY = "libc++";
				CLANG_ENABLE_MODULES = YES;
				CLANG_ENABLE_OBJC_ARC = YES;
				CLANG_ENABLE_OBJC_WEAK = YES;
				CLANG_WARN_BLOCK_CAPTURE_AUTORELEASING = YES;
				CLANG_WARN_BOOL_CONVERSION = YES;
				CLANG_WARN_COMMA = YES;
				CLANG_WARN_CONSTANT_CONVERSION = YES;
				CLANG_WARN_DEPRECATED_OBJC_IMPLEMENTATIONS = YES;
				CLANG_WARN_DIRECT_OBJC_ISA_USAGE = YES_ERROR;
				CLANG_WARN_DOCUMENTATION_COMMENTS = YES;
				CLANG_WARN_EMPTY_BODY = YES;
				CLANG_WARN_ENUM_CONVERSION = YES;
				CLANG_WARN_INFINITE_RECURSION = YES;
				CLANG_WARN_INT_CONVERSION = YES;
				CLANG_WARN_NON_LITERAL_NULL_CONVERSION = YES;
				CLANG_WARN_OBJC_IMPLICIT_RETAIN_SELF = YES;
				CLANG_WARN_OBJC_LITERAL_CONVERSION = YES;
				CLANG_WARN_OBJC_ROOT_CLASS = YES_ERROR;
				CLANG_WARN_QUOTED_INCLUDE_IN_FRAMEWORK_HEADER = YES;
				CLANG_WARN_RANGE_LOOP_ANALYSIS = YES;
				CLANG_WARN_STRICT_PROTOTYPES = YES;
				CLANG_WARN_SUSPICIOUS_MOVE = YES;
				CLANG_WARN_UNGUARDED_AVAILABILITY = YES_AGGRESSIVE;
				CLANG_WARN_UNREACHABLE_CODE = YES;
				CLANG_WARN__DUPLICATE_METHOD_MATCH = YES;
				COPY_PHASE_STRIP = NO;
				DEBUG_INFORMATION_FORMAT = dwarf;
				ENABLE_STRICT_OBJC_MSGSEND = YES;
				ENABLE_TESTABILITY = YES;
				GCC_C_LANGUAGE_STANDARD = gnu11;
				GCC_DYNAMIC_NO_PIC = NO;
				GCC_NO_COMMON_BLOCKS = YES;
				GCC_OPTIMIZATION_LEVEL = 0;
				GCC_PREPROCESSOR_DEFINITIONS = (
					"DEBUG=1",
					"$(inherited)",
				);
				GCC_WARN_64_TO_32_BIT_CONVERSION = YES;
				GCC_WARN_ABOUT_RETURN_TYPE = YES_ERROR;
				GCC_WARN_UNDECLARED_SELECTOR = YES;
				GCC_WARN_UNINITIALIZED_AUTOS = YES_AGGRESSIVE;
				GCC_WARN_UNUSED_FUNCTION = YES;
				GCC_WARN_UNUSED_VARIABLE = YES;
				IPHONEOS_DEPLOYMENT_TARGET = 15.0;
				MTL_ENABLE_DEBUG_INFO = INCLUDE_SOURCE;
				MTL_FAST_MATH = YES;
				ONLY_ACTIVE_ARCH = YES;
				SDKROOT = iphoneos;
				SWIFT_ACTIVE_COMPILATION_CONDITIONS = DEBUG;
				SWIFT_OPTIMIZATION_LEVEL = "-Onone";
			};
			name = Debug;
		};
		F01E92D227333E720074D5DF /* Release */ = {
			isa = XCBuildConfiguration;
			buildSettings = {
				ALWAYS_SEARCH_USER_PATHS = NO;
				CLANG_ANALYZER_NONNULL = YES;
				CLANG_ANALYZER_NUMBER_OBJECT_CONVERSION = YES_AGGRESSIVE;
				CLANG_CXX_LANGUAGE_STANDARD = "gnu++17";
				CLANG_CXX_LIBRARY = "libc++";
				CLANG_ENABLE_MODULES = YES;
				CLANG_ENABLE_OBJC_ARC = YES;
				CLANG_ENABLE_OBJC_WEAK = YES;
				CLANG_WARN_BLOCK_CAPTURE_AUTORELEASING = YES;
				CLANG_WARN_BOOL_CONVERSION = YES;
				CLANG_WARN_COMMA = YES;
				CLANG_WARN_CONSTANT_CONVERSION = YES;
				CLANG_WARN_DEPRECATED_OBJC_IMPLEMENTATIONS = YES;
				CLANG_WARN_DIRECT_OBJC_ISA_USAGE = YES_ERROR;
				CLANG_WARN_DOCUMENTATION_COMMENTS = YES;
				CLANG_WARN_EMPTY_BODY = YES;
				CLANG_WARN_ENUM_CONVERSION = YES;
				CLANG_WARN_INFINITE_RECURSION = YES;
				CLANG_WARN_INT_CONVERSION = YES;
				CLANG_WARN_NON_LITERAL_NULL_CONVERSION = YES;
				CLANG_WARN_OBJC_IMPLICIT_RETAIN_SELF = YES;
				CLANG_WARN_OBJC_LITERAL_CONVERSION = YES;
				CLANG_WARN_OBJC_ROOT_CLASS = YES_ERROR;
				CLANG_WARN_QUOTED_INCLUDE_IN_FRAMEWORK_HEADER = YES;
				CLANG_WARN_RANGE_LOOP_ANALYSIS = YES;
				CLANG_WARN_STRICT_PROTOTYPES = YES;
				CLANG_WARN_SUSPICIOUS_MOVE = YES;
				CLANG_WARN_UNGUARDED_AVAILABILITY = YES_AGGRESSIVE;
				CLANG_WARN_UNREACHABLE_CODE = YES;
				CLANG_WARN__DUPLICATE_METHOD_MATCH = YES;
				COPY_PHASE_STRIP = NO;
				DEBUG_INFORMATION_FORMAT = "dwarf-with-dsym";
				ENABLE_NS_ASSERTIONS = NO;
				ENABLE_STRICT_OBJC_MSGSEND = YES;
				GCC_C_LANGUAGE_STANDARD = gnu11;
				GCC_NO_COMMON_BLOCKS = YES;
				GCC_WARN_64_TO_32_BIT_CONVERSION = YES;
				GCC_WARN_ABOUT_RETURN_TYPE = YES_ERROR;
				GCC_WARN_UNDECLARED_SELECTOR = YES;
				GCC_WARN_UNINITIALIZED_AUTOS = YES_AGGRESSIVE;
				GCC_WARN_UNUSED_FUNCTION = YES;
				GCC_WARN_UNUSED_VARIABLE = YES;
				IPHONEOS_DEPLOYMENT_TARGET = 15.0;
				MTL_ENABLE_DEBUG_INFO = NO;
				MTL_FAST_MATH = YES;
				SDKROOT = iphoneos;
				SWIFT_COMPILATION_MODE = wholemodule;
				SWIFT_OPTIMIZATION_LEVEL = "-O";
				VALIDATE_PRODUCT = YES;
			};
			name = Release;
		};
		F01E92D427333E720074D5DF /* Debug */ = {
			isa = XCBuildConfiguration;
			buildSettings = {
				ASSETCATALOG_COMPILER_APPICON_NAME = AppIcon;
				ASSETCATALOG_COMPILER_GLOBAL_ACCENT_COLOR_NAME = AccentColor;
				ASSETCATALOG_COMPILER_INCLUDE_ALL_APPICON_ASSETS = YES;
				CODE_SIGN_ENTITLEMENTS = DistalRadiusIdentifier/DistalRadiusIdentifier.entitlements;
				"CODE_SIGN_IDENTITY[sdk=macosx*]" = "Apple Development";
				CODE_SIGN_STYLE = Automatic;
				CURRENT_PROJECT_VERSION = 1;
				DEVELOPMENT_ASSET_PATHS = "\"DistalRadiusIdentifier/Preview Content\"";
				DEVELOPMENT_TEAM = G466A7N8C9;
				ENABLE_PREVIEWS = YES;
				GENERATE_INFOPLIST_FILE = YES;
				INFOPLIST_FILE = DistalRadiusIdentifier/Info.plist;
				INFOPLIST_KEY_CFBundleDisplayName = "Distal Radius Implant Identifier";
				INFOPLIST_KEY_LSApplicationCategoryType = "public.app-category.medical";
				INFOPLIST_KEY_NSCameraUsageDescription = "This app needs camera access to capture implant photos for classification";
				INFOPLIST_KEY_UIApplicationSupportsIndirectInputEvents = YES;
				INFOPLIST_KEY_UILaunchScreen_Generation = YES;
				INFOPLIST_KEY_UILaunchStoryboardName = "Launch Screen";
				INFOPLIST_KEY_UIRequiresFullScreen = NO;
				INFOPLIST_KEY_UIStatusBarHidden = NO;
				INFOPLIST_KEY_UISupportedInterfaceOrientations = UIInterfaceOrientationPortrait;
				INFOPLIST_KEY_UISupportedInterfaceOrientations_iPad = "UIInterfaceOrientationLandscapeRight UIInterfaceOrientationLandscapeLeft UIInterfaceOrientationPortrait UIInterfaceOrientationPortraitUpsideDown";
				INFOPLIST_KEY_UISupportedInterfaceOrientations_iPhone = UIInterfaceOrientationPortrait;
				IPHONEOS_DEPLOYMENT_TARGET = 14.0;
				LD_RUNPATH_SEARCH_PATHS = (
					"$(inherited)",
					"@executable_path/Frameworks",
				);
				MARKETING_VERSION = 1.0;
				PRODUCT_BUNDLE_IDENTIFIER = com.GT.DistalRadius;
				PRODUCT_NAME = "$(TARGET_NAME)";
				SUPPORTS_MACCATALYST = NO;
				SUPPORTS_MAC_DESIGNED_FOR_IPHONE_IPAD = NO;
				SWIFT_EMIT_LOC_STRINGS = YES;
				SWIFT_VERSION = 5.0;
				TARGETED_DEVICE_FAMILY = "1,2";
			};
			name = Debug;
		};
		F01E92D527333E720074D5DF /* Release */ = {
			isa = XCBuildConfiguration;
			buildSettings = {
				ASSETCATALOG_COMPILER_APPICON_NAME = AppIcon;
				ASSETCATALOG_COMPILER_GLOBAL_ACCENT_COLOR_NAME = AccentColor;
				ASSETCATALOG_COMPILER_INCLUDE_ALL_APPICON_ASSETS = YES;
				CODE_SIGN_ENTITLEMENTS = DistalRadiusIdentifier/DistalRadiusIdentifier.entitlements;
				"CODE_SIGN_IDENTITY[sdk=macosx*]" = "-";
				CODE_SIGN_STYLE = Automatic;
				CURRENT_PROJECT_VERSION = 1;
				DEVELOPMENT_ASSET_PATHS = "\"DistalRadiusIdentifier/Preview Content\"";
				DEVELOPMENT_TEAM = G466A7N8C9;
				ENABLE_PREVIEWS = YES;
				GENERATE_INFOPLIST_FILE = YES;
				INFOPLIST_FILE = DistalRadiusIdentifier/Info.plist;
				INFOPLIST_KEY_CFBundleDisplayName = "Distal Radius Implant Identifier";
				INFOPLIST_KEY_LSApplicationCategoryType = "public.app-category.medical";
				INFOPLIST_KEY_NSCameraUsageDescription = "This app needs camera access to capture implant photos for classification";
				INFOPLIST_KEY_UIApplicationSupportsIndirectInputEvents = YES;
				INFOPLIST_KEY_UILaunchScreen_Generation = YES;
				INFOPLIST_KEY_UILaunchStoryboardName = "Launch Screen";
				INFOPLIST_KEY_UIRequiresFullScreen = NO;
				INFOPLIST_KEY_UIStatusBarHidden = NO;
				INFOPLIST_KEY_UISupportedInterfaceOrientations = UIInterfaceOrientationPortrait;
				INFOPLIST_KEY_UISupportedInterfaceOrientations_iPad = "UIInterfaceOrientationLandscapeRight UIInterfaceOrientationLandscapeLeft UIInterfaceOrientationPortrait UIInterfaceOrientationPortraitUpsideDown";
				INFOPLIST_KEY_UISupportedInterfaceOrientations_iPhone = UIInterfaceOrientationPortrait;
				IPHONEOS_DEPLOYMENT_TARGET = 14.0;
				LD_RUNPATH_SEARCH_PATHS = (
					"$(inherited)",
					"@executable_path/Frameworks",
				);
				MARKETING_VERSION = 1.0;
				PRODUCT_BUNDLE_IDENTIFIER = com.GT.DistalRadius;
				PRODUCT_NAME = "$(TARGET_NAME)";
				SUPPORTS_MACCATALYST = NO;
				SUPPORTS_MAC_DESIGNED_FOR_IPHONE_IPAD = NO;
				SWIFT_EMIT_LOC_STRINGS = YES;
				SWIFT_VERSION = 5.0;
				TARGETED_DEVICE_FAMILY = "1,2";
			};
			name = Release;
		};
/* End XCBuildConfiguration section */

/* Begin XCConfigurationList section */
		F01E92C027333E720074D5DF /* Build configuration list for PBXProject "DistalRadiusIdentifier" */ = {
			isa = XCConfigurationList;
			buildConfigurations = (
				F01E92D127333E720074D5DF /* Debug */,
				F01E92D227333E720074D5DF /* Release */,
			);
			defaultConfigurationIsVisible = 0;
			defaultConfigurationName = Release;
		};
		F01E92D327333E720074D5DF /* Build configuration list for PBXNativeTarget "DistalRadiusIdentifier" */ = {
			isa = XCConfigurationList;
			buildConfigurations = (
				F01E92D427333E720074D5DF /* Debug */,
				F01E92D527333E720074D5DF /* Release */,
			);
			defaultConfigurationIsVisible = 0;
			defaultConfigurationName = Release;
		};
/* End XCConfigurationList section */

/* Begin XCRemoteSwiftPackageReference section */
		F0A889BF275874D1007464F1 /* XCRemoteSwiftPackageReference "BetterSafariView" */ = {
			isa = XCRemoteSwiftPackageReference;
			repositoryURL = "https://github.com/stleamist/BetterSafariView";
			requirement = {
				kind = upToNextMajorVersion;
				minimumVersion = 2.0.0;
			};
		};
/* End XCRemoteSwiftPackageReference section */

/* Begin XCSwiftPackageProductDependency section */
		F0A889C0275874D1007464F1 /* BetterSafariView */ = {
			isa = XCSwiftPackageProductDependency;
			package = F0A889BF275874D1007464F1 /* XCRemoteSwiftPackageReference "BetterSafariView" */;
			productName = BetterSafariView;
		};
/* End XCSwiftPackageProductDependency section */
	};
	rootObject = F01E92BD27333E720074D5DF /* Project object */;
}
